// !$*UTF8*$!
{
	archiveVersion = 1;
	classes = {
	};
	objectVersion = 56;
	objects = {

/* Begin PBXBuildFile section */
		0400F9272DB77E5B00B27F01 /* SceneDelegate.swift in Sources */ = {isa = PBXBuildFile; fileRef = 0400F9262DB77E5B00B27F01 /* SceneDelegate.swift */; };
		0400F92F2DB77E5B00B27F01 /* Poetry2.xcdatamodeld in Sources */ = {isa = PBXBuildFile; fileRef = 0400F92D2DB77E5B00B27F01 /* Poetry2.xcdatamodeld */; };
		0400F9312DB77E6000B27F01 /* Assets.xcassets in Resources */ = {isa = PBXBuildFile; fileRef = 0400F9302DB77E6000B27F01 /* Assets.xcassets */; };
		0400F9342DB77E6000B27F01 /* LaunchScreen.storyboard in Resources */ = {isa = PBXBuildFile; fileRef = 0400F9322DB77E6000B27F01 /* LaunchScreen.storyboard */; };
		0400F9422DB77EFE00B27F01 /* PoetryView.swift in Sources */ = {isa = PBXBuildFile; fileRef = 0400F9412DB77EFE00B27F01 /* PoetryView.swift */; };
		0400F9442DB77F1D00B27F01 /* PoetryService.swift in Sources */ = {isa = PBXBuildFile; fileRef = 0400F9432DB77F1D00B27F01 /* PoetryService.swift */; };
		0400F9462DB77F4F00B27F01 /* MainTabBarController.swift in Sources */ = {isa = PBXBuildFile; fileRef = 0400F9452DB77F4F00B27F01 /* MainTabBarController.swift */; };
		0400F9482DB782D900B27F01 /* Poem.swift in Sources */ = {isa = PBXBuildFile; fileRef = 0400F9472DB782D900B27F01 /* Poem.swift */; };
		0400F94B2DB7830200B27F01 /* SearchView.swift in Sources */ = {isa = PBXBuildFile; fileRef = 0400F94A2DB7830200B27F01 /* SearchView.swift */; };
		0400F94D2DB7831E00B27F01 /* PoetryViewController.swift in Sources */ = {isa = PBXBuildFile; fileRef = 0400F94C2DB7831E00B27F01 /* PoetryViewController.swift */; };
		0400F94F2DB7833800B27F01 /* SearchViewController.swift in Sources */ = {isa = PBXBuildFile; fileRef = 0400F94E2DB7833800B27F01 /* SearchViewController.swift */; };
		0400F9512DB787FD00B27F01 /* PoemDetailViewController.swift in Sources */ = {isa = PBXBuildFile; fileRef = 0400F9502DB787FD00B27F01 /* PoemDetailViewController.swift */; };
		0400F9532DB788A700B27F01 /* FavoritesService.swift in Sources */ = {isa = PBXBuildFile; fileRef = 0400F9522DB788A700B27F01 /* FavoritesService.swift */; };
		0400F9552DB78B2500B27F01 /* FavoritesViewController.swift in Sources */ = {isa = PBXBuildFile; fileRef = 0400F9542DB78B2500B27F01 /* FavoritesViewController.swift */; };
		04E823032DD6A77900FC3BC2 /* FavoritesViewModel.swift in Sources */ = {isa = PBXBuildFile; fileRef = 04E822FF2DD6A77900FC3BC2 /* FavoritesViewModel.swift */; };
		04E823042DD6A77900FC3BC2 /* PoemDetailViewModel.swift in Sources */ = {isa = PBXBuildFile; fileRef = 04E823002DD6A77900FC3BC2 /* PoemDetailViewModel.swift */; };
		04E823052DD6A77900FC3BC2 /* PoetryViewModel.swift in Sources */ = {isa = PBXBuildFile; fileRef = 04E823012DD6A77900FC3BC2 /* PoetryViewModel.swift */; };
		04E823062DD6A77900FC3BC2 /* SearchViewModel.swift in Sources */ = {isa = PBXBuildFile; fileRef = 04E823022DD6A77900FC3BC2 /* SearchViewModel.swift */; };
		04E823082DD6A8EF00FC3BC2 /* AppDelegate.swift in Sources */ = {isa = PBXBuildFile; fileRef = 04E823072DD6A8EF00FC3BC2 /* AppDelegate.swift */; };
/* End PBXBuildFile section */

/* Begin PBXFileReference section */
		0400F9212DB77E5B00B27F01 /* Poetry2.app */ = {isa = PBXFileReference; explicitFileType = wrapper.application; includeInIndex = 0; path = Poetry2.app; sourceTree = BUILT_PRODUCTS_DIR; };
		0400F9262DB77E5B00B27F01 /* SceneDelegate.swift */ = {isa = PBXFileReference; lastKnownFileType = sourcecode.swift; path = SceneDelegate.swift; sourceTree = "<group>"; };
		0400F92E2DB77E5B00B27F01 /* Poetry2.xcdatamodel */ = {isa = PBXFileReference; lastKnownFileType = wrapper.xcdatamodel; path = Poetry2.xcdatamodel; sourceTree = "<group>"; };
		0400F9302DB77E6000B27F01 /* Assets.xcassets */ = {isa = PBXFileReference; lastKnownFileType = folder.assetcatalog; path = Assets.xcassets; sourceTree = "<group>"; };
		0400F9332DB77E6000B27F01 /* Base */ = {isa = PBXFileReference; lastKnownFileType = file.storyboard; name = Base; path = Base.lproj/LaunchScreen.storyboard; sourceTree = "<group>"; };
		0400F9352DB77E6000B27F01 /* Info.plist */ = {isa = PBXFileReference; lastKnownFileType = text.plist.xml; path = Info.plist; sourceTree = "<group>"; };
		0400F9412DB77EFE00B27F01 /* PoetryView.swift */ = {isa = PBXFileReference; lastKnownFileType = sourcecode.swift; path = PoetryView.swift; sourceTree = "<group>"; };
		0400F9432DB77F1D00B27F01 /* PoetryService.swift */ = {isa = PBXFileReference; lastKnownFileType = sourcecode.swift; path = PoetryService.swift; sourceTree = "<group>"; };
		0400F9452DB77F4F00B27F01 /* MainTabBarController.swift */ = {isa = PBXFileReference; lastKnownFileType = sourcecode.swift; path = MainTabBarController.swift; sourceTree = "<group>"; };
		0400F9472DB782D900B27F01 /* Poem.swift */ = {isa = PBXFileReference; lastKnownFileType = sourcecode.swift; path = Poem.swift; sourceTree = "<group>"; };
		0400F94A2DB7830200B27F01 /* SearchView.swift */ = {isa = PBXFileReference; lastKnownFileType = sourcecode.swift; path = SearchView.swift; sourceTree = "<group>"; };
		0400F94C2DB7831E00B27F01 /* PoetryViewController.swift */ = {isa = PBXFileReference; lastKnownFileType = sourcecode.swift; path = PoetryViewController.swift; sourceTree = "<group>"; };
		0400F94E2DB7833800B27F01 /* SearchViewController.swift */ = {isa = PBXFileReference; lastKnownFileType = sourcecode.swift; path = SearchViewController.swift; sourceTree = "<group>"; };
		0400F9502DB787FD00B27F01 /* PoemDetailViewController.swift */ = {isa = PBXFileReference; lastKnownFileType = sourcecode.swift; path = PoemDetailViewController.swift; sourceTree = "<group>"; };
		0400F9522DB788A700B27F01 /* FavoritesService.swift */ = {isa = PBXFileReference; lastKnownFileType = sourcecode.swift; path = FavoritesService.swift; sourceTree = "<group>"; };
		0400F9542DB78B2500B27F01 /* FavoritesViewController.swift */ = {isa = PBXFileReference; lastKnownFileType = sourcecode.swift; path = FavoritesViewController.swift; sourceTree = "<group>"; };
		04E822FF2DD6A77900FC3BC2 /* FavoritesViewModel.swift */ = {isa = PBXFileReference; fileEncoding = 4; lastKnownFileType = sourcecode.swift; path = FavoritesViewModel.swift; sourceTree = "<group>"; };
		04E823002DD6A77900FC3BC2 /* PoemDetailViewModel.swift */ = {isa = PBXFileReference; fileEncoding = 4; lastKnownFileType = sourcecode.swift; path = PoemDetailViewModel.swift; sourceTree = "<group>"; };
		04E823012DD6A77900FC3BC2 /* PoetryViewModel.swift */ = {isa = PBXFileReference; fileEncoding = 4; lastKnownFileType = sourcecode.swift; path = PoetryViewModel.swift; sourceTree = "<group>"; };
		04E823022DD6A77900FC3BC2 /* SearchViewModel.swift */ = {isa = PBXFileReference; fileEncoding = 4; lastKnownFileType = sourcecode.swift; path = SearchViewModel.swift; sourceTree = "<group>"; };
		04E823072DD6A8EF00FC3BC2 /* AppDelegate.swift */ = {isa = PBXFileReference; lastKnownFileType = sourcecode.swift; path = AppDelegate.swift; sourceTree = "<group>"; };
/* End PBXFileReference section */

/* Begin PBXFrameworksBuildPhase section */
		0400F91E2DB77E5B00B27F01 /* Frameworks */ = {
			isa = PBXFrameworksBuildPhase;
			buildActionMask = 2147483647;
			files = (
			);
			runOnlyForDeploymentPostprocessing = 0;
		};
/* End PBXFrameworksBuildPhase section */

/* Begin PBXGroup section */
		0400F9182DB77E5B00B27F01 = {
			isa = PBXGroup;
			children = (
				0400F9232DB77E5B00B27F01 /* Poetry2 */,
				0400F9222DB77E5B00B27F01 /* Products */,
			);
			sourceTree = "<group>";
		};
		0400F9222DB77E5B00B27F01 /* Products */ = {
			isa = PBXGroup;
			children = (
				0400F9212DB77E5B00B27F01 /* Poetry2.app */,
			);
			name = Products;
			sourceTree = "<group>";
		};
		0400F9232DB77E5B00B27F01 /* Poetry2 */ = {
			isa = PBXGroup;
			children = (
				0400F9492DB782EA00B27F01 /* Services */,
				0400F93E2DB77EA000B27F01 /* Models */,
				0400F93C2DB77E9600B27F01 /* Controllers */,
				0400F93B2DB77E9200B27F01 /* View */,
				0400F9452DB77F4F00B27F01 /* MainTabBarController.swift */,
				04E823072DD6A8EF00FC3BC2 /* AppDelegate.swift */,
				0400F9262DB77E5B00B27F01 /* SceneDelegate.swift */,
				04E822FE2DD6A77900FC3BC2 /* ViewModels */,
				0400F9302DB77E6000B27F01 /* Assets.xcassets */,
				0400F9322DB77E6000B27F01 /* LaunchScreen.storyboard */,
				0400F9352DB77E6000B27F01 /* Info.plist */,
				0400F92D2DB77E5B00B27F01 /* Poetry2.xcdatamodeld */,
			);
			path = Poetry2;
			sourceTree = "<group>";
		};
		0400F93B2DB77E9200B27F01 /* View */ = {
			isa = PBXGroup;
			children = (
				0400F9412DB77EFE00B27F01 /* PoetryView.swift */,
				0400F94A2DB7830200B27F01 /* SearchView.swift */,
			);
			path = View;
			sourceTree = "<group>";
		};
		0400F93C2DB77E9600B27F01 /* Controllers */ = {
			isa = PBXGroup;
			children = (
				0400F94C2DB7831E00B27F01 /* PoetryViewController.swift */,
				0400F94E2DB7833800B27F01 /* SearchViewController.swift */,
				0400F9502DB787FD00B27F01 /* PoemDetailViewController.swift */,
				0400F9542DB78B2500B27F01 /* FavoritesViewController.swift */,
			);
			path = Controllers;
			sourceTree = "<group>";
		};
		0400F93E2DB77EA000B27F01 /* Models */ = {
			isa = PBXGroup;
			children = (
				0400F9472DB782D900B27F01 /* Poem.swift */,
			);
			path = Models;
			sourceTree = "<group>";
		};
		0400F9492DB782EA00B27F01 /* Services */ = {
			isa = PBXGroup;
			children = (
				0400F9432DB77F1D00B27F01 /* PoetryService.swift */,
				0400F9522DB788A700B27F01 /* FavoritesService.swift */,
			);
			path = Services;
			sourceTree = "<group>";
		};
		04E822FE2DD6A77900FC3BC2 /* ViewModels */ = {
			isa = PBXGroup;
			children = (
				04E822FF2DD6A77900FC3BC2 /* FavoritesViewModel.swift */,
				04E823002DD6A77900FC3BC2 /* PoemDetailViewModel.swift */,
				04E823012DD6A77900FC3BC2 /* PoetryViewModel.swift */,
				04E823022DD6A77900FC3BC2 /* SearchViewModel.swift */,
			);
			path = ViewModels;
			sourceTree = "<group>";
		};
/* End PBXGroup section */

/* Begin PBXNativeTarget section */
		0400F9202DB77E5B00B27F01 /* Poetry2 */ = {
			isa = PBXNativeTarget;
			buildConfigurationList = 0400F9382DB77E6000B27F01 /* Build configuration list for PBXNativeTarget "Poetry2" */;
			buildPhases = (
				0400F91D2DB77E5B00B27F01 /* Sources */,
				0400F91E2DB77E5B00B27F01 /* Frameworks */,
				0400F91F2DB77E5B00B27F01 /* Resources */,
			);
			buildRules = (
			);
			dependencies = (
			);
			name = Poetry2;
			productName = Poetry2;
			productReference = 0400F9212DB77E5B00B27F01 /* Poetry2.app */;
			productType = "com.apple.product-type.application";
		};
/* End PBXNativeTarget section */

/* Begin PBXProject section */
		0400F9192DB77E5B00B27F01 /* Project object */ = {
			isa = PBXProject;
			attributes = {
				BuildIndependentTargetsInParallel = 1;
				LastSwiftUpdateCheck = 1500;
				LastUpgradeCheck = 1500;
				TargetAttributes = {
					0400F9202DB77E5B00B27F01 = {
						CreatedOnToolsVersion = 15.0;
					};
				};
			};
			buildConfigurationList = 0400F91C2DB77E5B00B27F01 /* Build configuration list for PBXProject "Poetry2" */;
			compatibilityVersion = "Xcode 14.0";
			developmentRegion = en;
			hasScannedForEncodings = 0;
			knownRegions = (
				en,
				Base,
			);
			mainGroup = 0400F9182DB77E5B00B27F01;
			productRefGroup = 0400F9222DB77E5B00B27F01 /* Products */;
			projectDirPath = "";
			projectRoot = "";
			targets = (
				0400F9202DB77E5B00B27F01 /* Poetry2 */,
			);
		};
/* End PBXProject section */

/* Begin PBXResourcesBuildPhase section */
		0400F91F2DB77E5B00B27F01 /* Resources */ = {
			isa = PBXResourcesBuildPhase;
			buildActionMask = 2147483647;
			files = (
				0400F9342DB77E6000B27F01 /* LaunchScreen.storyboard in Resources */,
				0400F9312DB77E6000B27F01 /* Assets.xcassets in Resources */,
			);
			runOnlyForDeploymentPostprocessing = 0;
		};
/* End PBXResourcesBuildPhase section */

/* Begin PBXSourcesBuildPhase section */
		0400F91D2DB77E5B00B27F01 /* Sources */ = {
			isa = PBXSourcesBuildPhase;
			buildActionMask = 2147483647;
			files = (
				0400F9552DB78B2500B27F01 /* FavoritesViewController.swift in Sources */,
				0400F9422DB77EFE00B27F01 /* PoetryView.swift in Sources */,
				0400F94F2DB7833800B27F01 /* SearchViewController.swift in Sources */,
				0400F94D2DB7831E00B27F01 /* PoetryViewController.swift in Sources */,
				0400F94B2DB7830200B27F01 /* SearchView.swift in Sources */,
				0400F9512DB787FD00B27F01 /* PoemDetailViewController.swift in Sources */,
				0400F92F2DB77E5B00B27F01 /* Poetry2.xcdatamodeld in Sources */,
				04E823032DD6A77900FC3BC2 /* FavoritesViewModel.swift in Sources */,
				0400F9462DB77F4F00B27F01 /* MainTabBarController.swift in Sources */,
				0400F9272DB77E5B00B27F01 /* SceneDelegate.swift in Sources */,
				0400F9532DB788A700B27F01 /* FavoritesService.swift in Sources */,
				0400F9442DB77F1D00B27F01 /* PoetryService.swift in Sources */,
				04E823042DD6A77900FC3BC2 /* PoemDetailViewModel.swift in Sources */,
				04E823062DD6A77900FC3BC2 /* SearchViewModel.swift in Sources */,
				0400F9482DB782D900B27F01 /* Poem.swift in Sources */,
				04E823082DD6A8EF00FC3BC2 /* AppDelegate.swift in Sources */,
				04E823052DD6A77900FC3BC2 /* PoetryViewModel.swift in Sources */,
			);
			runOnlyForDeploymentPostprocessing = 0;
		};
/* End PBXSourcesBuildPhase section */

/* Begin PBXVariantGroup section */
		0400F9322DB77E6000B27F01 /* LaunchScreen.storyboard */ = {
			isa = PBXVariantGroup;
			children = (
				0400F9332DB77E6000B27F01 /* Base */,
			);
			name = LaunchScreen.storyboard;
			sourceTree = "<group>";
		};
/* End PBXVariantGroup section */

/* Begin XCBuildConfiguration section */
		0400F9362DB77E6000B27F01 /* Debug */ = {
			isa = XCBuildConfiguration;
			buildSettings = {
				ALWAYS_SEARCH_USER_PATHS = NO;
				ASSETCATALOG_COMPILER_GENERATE_SWIFT_ASSET_SYMBOL_EXTENSIONS = YES;
				CLANG_ANALYZER_NONNULL = YES;
				CLANG_ANALYZER_NUMBER_OBJECT_CONVERSION = YES_AGGRESSIVE;
				CLANG_CXX_LANGUAGE_STANDARD = "gnu++20";
				CLANG_ENABLE_MODULES = YES;
				CLANG_ENABLE_OBJC_ARC = YES;
				CLANG_ENABLE_OBJC_WEAK = YES;
				CLANG_WARN_BLOCK_CAPTURE_AUTORELEASING = YES;
				CLANG_WARN_BOOL_CONVERSION = YES;
				CLANG_WARN_COMMA = YES;
				CLANG_WARN_CONSTANT_CONVERSION = YES;
				CLANG_WARN_DEPRECATED_OBJC_IMPLEMENTATIONS = YES;
				CLANG_WARN_DIRECT_OBJC_ISA_USAGE = YES_ERROR;
				CLANG_WARN_DOCUMENTATION_COMMENTS = YES;
				CLANG_WARN_EMPTY_BODY = YES;
				CLANG_WARN_ENUM_CONVERSION = YES;
				CLANG_WARN_INFINITE_RECURSION = YES;
				CLANG_WARN_INT_CONVERSION = YES;
				CLANG_WARN_NON_LITERAL_NULL_CONVERSION = YES;
				CLANG_WARN_OBJC_IMPLICIT_RETAIN_SELF = YES;
				CLANG_WARN_OBJC_LITERAL_CONVERSION = YES;
				CLANG_WARN_OBJC_ROOT_CLASS = YES_ERROR;
				CLANG_WARN_QUOTED_INCLUDE_IN_FRAMEWORK_HEADER = YES;
				CLANG_WARN_RANGE_LOOP_ANALYSIS = YES;
				CLANG_WARN_STRICT_PROTOTYPES = YES;
				CLANG_WARN_SUSPICIOUS_MOVE = YES;
				CLANG_WARN_UNGUARDED_AVAILABILITY = YES_AGGRESSIVE;
				CLANG_WARN_UNREACHABLE_CODE = YES;
				CLANG_WARN__DUPLICATE_METHOD_MATCH = YES;
				COPY_PHASE_STRIP = NO;
				DEBUG_INFORMATION_FORMAT = dwarf;
				ENABLE_STRICT_OBJC_MSGSEND = YES;
				ENABLE_TESTABILITY = YES;
				ENABLE_USER_SCRIPT_SANDBOXING = YES;
				GCC_C_LANGUAGE_STANDARD = gnu17;
				GCC_DYNAMIC_NO_PIC = NO;
				GCC_NO_COMMON_BLOCKS = YES;
				GCC_OPTIMIZATION_LEVEL = 0;
				GCC_PREPROCESSOR_DEFINITIONS = (
					"DEBUG=1",
					"$(inherited)",
				);
				GCC_WARN_64_TO_32_BIT_CONVERSION = YES;
				GCC_WARN_ABOUT_RETURN_TYPE = YES_ERROR;
				GCC_WARN_UNDECLARED_SELECTOR = YES;
				GCC_WARN_UNINITIALIZED_AUTOS = YES_AGGRESSIVE;
				GCC_WARN_UNUSED_FUNCTION = YES;
				GCC_WARN_UNUSED_VARIABLE = YES;
				IPHONEOS_DEPLOYMENT_TARGET = 17.0;
				LOCALIZATION_PREFERS_STRING_CATALOGS = YES;
				MTL_ENABLE_DEBUG_INFO = INCLUDE_SOURCE;
				MTL_FAST_MATH = YES;
				ONLY_ACTIVE_ARCH = YES;
				SDKROOT = iphoneos;
				SWIFT_ACTIVE_COMPILATION_CONDITIONS = "DEBUG $(inherited)";
				SWIFT_OPTIMIZATION_LEVEL = "-Onone";
			};
			name = Debug;
		};
		0400F9372DB77E6000B27F01 /* Release */ = {
			isa = XCBuildConfiguration;
			buildSettings = {
				ALWAYS_SEARCH_USER_PATHS = NO;
				ASSETCATALOG_COMPILER_GENERATE_SWIFT_ASSET_SYMBOL_EXTENSIONS = YES;
				CLANG_ANALYZER_NONNULL = YES;
				CLANG_ANALYZER_NUMBER_OBJECT_CONVERSION = YES_AGGRESSIVE;
				CLANG_CXX_LANGUAGE_STANDARD = "gnu++20";
				CLANG_ENABLE_MODULES = YES;
				CLANG_ENABLE_OBJC_ARC = YES;
				CLANG_ENABLE_OBJC_WEAK = YES;
				CLANG_WARN_BLOCK_CAPTURE_AUTORELEASING = YES;
				CLANG_WARN_BOOL_CONVERSION = YES;
				CLANG_WARN_COMMA = YES;
				CLANG_WARN_CONSTANT_CONVERSION = YES;
				CLANG_WARN_DEPRECATED_OBJC_IMPLEMENTATIONS = YES;
				CLANG_WARN_DIRECT_OBJC_ISA_USAGE = YES_ERROR;
				CLANG_WARN_DOCUMENTATION_COMMENTS = YES;
				CLANG_WARN_EMPTY_BODY = YES;
				CLANG_WARN_ENUM_CONVERSION = YES;
				CLANG_WARN_INFINITE_RECURSION = YES;
				CLANG_WARN_INT_CONVERSION = YES;
				CLANG_WARN_NON_LITERAL_NULL_CONVERSION = YES;
				CLANG_WARN_OBJC_IMPLICIT_RETAIN_SELF = YES;
				CLANG_WARN_OBJC_LITERAL_CONVERSION = YES;
				CLANG_WARN_OBJC_ROOT_CLASS = YES_ERROR;
				CLANG_WARN_QUOTED_INCLUDE_IN_FRAMEWORK_HEADER = YES;
				CLANG_WARN_RANGE_LOOP_ANALYSIS = YES;
				CLANG_WARN_STRICT_PROTOTYPES = YES;
				CLANG_WARN_SUSPICIOUS_MOVE = YES;
				CLANG_WARN_UNGUARDED_AVAILABILITY = YES_AGGRESSIVE;
				CLANG_WARN_UNREACHABLE_CODE = YES;
				CLANG_WARN__DUPLICATE_METHOD_MATCH = YES;
				COPY_PHASE_STRIP = NO;
				DEBUG_INFORMATION_FORMAT = "dwarf-with-dsym";
				ENABLE_NS_ASSERTIONS = NO;
				ENABLE_STRICT_OBJC_MSGSEND = YES;
				ENABLE_USER_SCRIPT_SANDBOXING = YES;
				GCC_C_LANGUAGE_STANDARD = gnu17;
				GCC_NO_COMMON_BLOCKS = YES;
				GCC_WARN_64_TO_32_BIT_CONVERSION = YES;
				GCC_WARN_ABOUT_RETURN_TYPE = YES_ERROR;
				GCC_WARN_UNDECLARED_SELECTOR = YES;
				GCC_WARN_UNINITIALIZED_AUTOS = YES_AGGRESSIVE;
				GCC_WARN_UNUSED_FUNCTION = YES;
				GCC_WARN_UNUSED_VARIABLE = YES;
				IPHONEOS_DEPLOYMENT_TARGET = 17.0;
				LOCALIZATION_PREFERS_STRING_CATALOGS = YES;
				MTL_ENABLE_DEBUG_INFO = NO;
				MTL_FAST_MATH = YES;
				SDKROOT = iphoneos;
				SWIFT_COMPILATION_MODE = wholemodule;
				VALIDATE_PRODUCT = YES;
			};
			name = Release;
		};
		0400F9392DB77E6000B27F01 /* Debug */ = {
			isa = XCBuildConfiguration;
			buildSettings = {
				ASSETCATALOG_COMPILER_APPICON_NAME = AppIcon;
				ASSETCATALOG_COMPILER_GLOBAL_ACCENT_COLOR_NAME = AccentColor;
				CODE_SIGN_STYLE = Automatic;
				CURRENT_PROJECT_VERSION = 1;
				DEVELOPMENT_TEAM = 9BB2SW97R4;
				GENERATE_INFOPLIST_FILE = YES;
				INFOPLIST_FILE = Poetry2/Info.plist;
				INFOPLIST_KEY_UIApplicationSupportsIndirectInputEvents = YES;
				INFOPLIST_KEY_UILaunchStoryboardName = LaunchScreen;
				INFOPLIST_KEY_UISupportedInterfaceOrientations_iPad = "UIInterfaceOrientationPortrait UIInterfaceOrientationPortraitUpsideDown UIInterfaceOrientationLandscapeLeft UIInterfaceOrientationLandscapeRight";
				INFOPLIST_KEY_UISupportedInterfaceOrientations_iPhone = "UIInterfaceOrientationPortrait UIInterfaceOrientationLandscapeLeft UIInterfaceOrientationLandscapeRight";
				LD_RUNPATH_SEARCH_PATHS = (
					"$(inherited)",
					"@executable_path/Frameworks",
				);
				MARKETING_VERSION = 1.0;
				PRODUCT_BUNDLE_IDENTIFIER = lupe.Poetry2;
				PRODUCT_NAME = "$(TARGET_NAME)";
				SWIFT_EMIT_LOC_STRINGS = YES;
				SWIFT_VERSION = 5.0;
				TARGETED_DEVICE_FAMILY = "1,2";
			};
			name = Debug;
		};
		0400F93A2DB77E6000B27F01 /* Release */ = {
			isa = XCBuildConfiguration;
			buildSettings = {
				ASSETCATALOG_COMPILER_APPICON_NAME = AppIcon;
				ASSETCATALOG_COMPILER_GLOBAL_ACCENT_COLOR_NAME = AccentColor;
				CODE_SIGN_STYLE = Automatic;
				CURRENT_PROJECT_VERSION = 1;
				DEVELOPMENT_TEAM = 9BB2SW97R4;
				GENERATE_INFOPLIST_FILE = YES;
				INFOPLIST_FILE = Poetry2/Info.plist;
				INFOPLIST_KEY_UIApplicationSupportsIndirectInputEvents = YES;
				INFOPLIST_KEY_UILaunchStoryboardName = LaunchScreen;
				INFOPLIST_KEY_UISupportedInterfaceOrientations_iPad = "UIInterfaceOrientationPortrait UIInterfaceOrientationPortraitUpsideDown UIInterfaceOrientationLandscapeLeft UIInterfaceOrientationLandscapeRight";
				INFOPLIST_KEY_UISupportedInterfaceOrientations_iPhone = "UIInterfaceOrientationPortrait UIInterfaceOrientationLandscapeLeft UIInterfaceOrientationLandscapeRight";
				LD_RUNPATH_SEARCH_PATHS = (
					"$(inherited)",
					"@executable_path/Frameworks",
				);
				MARKETING_VERSION = 1.0;
				PRODUCT_BUNDLE_IDENTIFIER = lupe.Poetry2;
				PRODUCT_NAME = "$(TARGET_NAME)";
				SWIFT_EMIT_LOC_STRINGS = YES;
				SWIFT_VERSION = 5.0;
				TARGETED_DEVICE_FAMILY = "1,2";
			};
			name = Release;
		};
/* End XCBuildConfiguration section */

/* Begin XCConfigurationList section */
		0400F91C2DB77E5B00B27F01 /* Build configuration list for PBXProject "Poetry2" */ = {
			isa = XCConfigurationList;
			buildConfigurations = (
				0400F9362DB77E6000B27F01 /* Debug */,
				0400F9372DB77E6000B27F01 /* Release */,
			);
			defaultConfigurationIsVisible = 0;
			defaultConfigurationName = Release;
		};
		0400F9382DB77E6000B27F01 /* Build configuration list for PBXNativeTarget "Poetry2" */ = {
			isa = XCConfigurationList;
			buildConfigurations = (
				0400F9392DB77E6000B27F01 /* Debug */,
				0400F93A2DB77E6000B27F01 /* Release */,
			);
			defaultConfigurationIsVisible = 0;
			defaultConfigurationName = Release;
		};
/* End XCConfigurationList section */

/* Begin XCVersionGroup section */
		0400F92D2DB77E5B00B27F01 /* Poetry2.xcdatamodeld */ = {
			isa = XCVersionGroup;
			children = (
				0400F92E2DB77E5B00B27F01 /* Poetry2.xcdatamodel */,
			);
			currentVersion = 0400F92E2DB77E5B00B27F01 /* Poetry2.xcdatamodel */;
			path = Poetry2.xcdatamodeld;
			sourceTree = "<group>";
			versionGroupType = wrapper.xcdatamodel;
		};
/* End XCVersionGroup section */
	};
	rootObject = 0400F9192DB77E5B00B27F01 /* Project object */;
}
