// !$*UTF8*$!
{
	archiveVersion = 1;
	classes = {
	};
	objectVersion = 56;
	objects = {

/* Begin PBXBuildFile section */
		0400F8F32DB7743500B27F01 /* PoetryApp.swift in Sources */ = {isa = PBXBuildFile; fileRef = 0400F8F22DB7743500B27F01 /* PoetryApp.swift */; };
		0400F8F52DB7743500B27F01 /* ContentView.swift in Sources */ = {isa = PBXBuildFile; fileRef = 0400F8F42DB7743500B27F01 /* ContentView.swift */; };
		0400F8F72DB7743800B27F01 /* Assets.xcassets in Resources */ = {isa = PBXBuildFile; fileRef = 0400F8F62DB7743800B27F01 /* Assets.xcassets */; };
		0400F8FA2DB7743800B27F01 /* Preview Assets.xcassets in Resources */ = {isa = PBXBuildFile; fileRef = 0400F8F92DB7743800B27F01 /* Preview Assets.xcassets */; };
		0400F8FC2DB7743800B27F01 /* Persistence.swift in Sources */ = {isa = PBXBuildFile; fileRef = 0400F8FB2DB7743800B27F01 /* Persistence.swift */; };
		0400F8FF2DB7743800B27F01 /* Poetry.xcdatamodeld in Sources */ = {isa = PBXBuildFile; fileRef = 0400F8FD2DB7743800B27F01 /* Poetry.xcdatamodeld */; };
		0400F9082DB77B0B00B27F01 /* DailyView.swift in Sources */ = {isa = PBXBuildFile; fileRef = 0400F9072DB77B0B00B27F01 /* DailyView.swift */; };
		0400F90B2DB77B2200B27F01 /* DailyViewModel.swift in Sources */ = {isa = PBXBuildFile; fileRef = 0400F90A2DB77B2200B27F01 /* DailyViewModel.swift */; };
		0400F90E2DB77B4400B27F01 /* Poem.swift in Sources */ = {isa = PBXBuildFile; fileRef = 0400F90D2DB77B4400B27F01 /* Poem.swift */; };
		0400F9112DB77B5A00B27F01 /* APIService.swift in Sources */ = {isa = PBXBuildFile; fileRef = 0400F9102DB77B5A00B27F01 /* APIService.swift */; };
		0400F9172DB77BB000B27F01 /* VerseExplorerModel.xcdatamodeld in Sources */ = {isa = PBXBuildFile; fileRef = 0400F9152DB77BB000B27F01 /* VerseExplorerModel.xcdatamodeld */; };
/* End PBXBuildFile section */

/* Begin PBXFileReference section */
		0400F8EF2DB7743500B27F01 /* Poetry.app */ = {isa = PBXFileReference; explicitFileType = wrapper.application; includeInIndex = 0; path = Poetry.app; sourceTree = BUILT_PRODUCTS_DIR; };
		0400F8F22DB7743500B27F01 /* PoetryApp.swift */ = {isa = PBXFileReference; lastKnownFileType = sourcecode.swift; path = PoetryApp.swift; sourceTree = "<group>"; };
		0400F8F42DB7743500B27F01 /* ContentView.swift */ = {isa = PBXFileReference; lastKnownFileType = sourcecode.swift; path = ContentView.swift; sourceTree = "<group>"; };
		0400F8F62DB7743800B27F01 /* Assets.xcassets */ = {isa = PBXFileReference; lastKnownFileType = folder.assetcatalog; path = Assets.xcassets; sourceTree = "<group>"; };
		0400F8F92DB7743800B27F01 /* Preview Assets.xcassets */ = {isa = PBXFileReference; lastKnownFileType = folder.assetcatalog; path = "Preview Assets.xcassets"; sourceTree = "<group>"; };
		0400F8FB2DB7743800B27F01 /* Persistence.swift */ = {isa = PBXFileReference; lastKnownFileType = sourcecode.swift; path = Persistence.swift; sourceTree = "<group>"; };
		0400F8FE2DB7743800B27F01 /* Poetry.xcdatamodel */ = {isa = PBXFileReference; lastKnownFileType = wrapper.xcdatamodel; path = Poetry.xcdatamodel; sourceTree = "<group>"; };
		0400F9072DB77B0B00B27F01 /* DailyView.swift */ = {isa = PBXFileReference; lastKnownFileType = sourcecode.swift; path = DailyView.swift; sourceTree = "<group>"; };
		0400F90A2DB77B2200B27F01 /* DailyViewModel.swift */ = {isa = PBXFileReference; lastKnownFileType = sourcecode.swift; path = DailyViewModel.swift; sourceTree = "<group>"; };
		0400F90D2DB77B4400B27F01 /* Poem.swift */ = {isa = PBXFileReference; lastKnownFileType = sourcecode.swift; path = Poem.swift; sourceTree = "<group>"; };
		0400F9102DB77B5A00B27F01 /* APIService.swift */ = {isa = PBXFileReference; lastKnownFileType = sourcecode.swift; path = APIService.swift; sourceTree = "<group>"; };
		0400F9162DB77BB000B27F01 /* VerseExplorerModel.xcdatamodel */ = {isa = PBXFileReference; lastKnownFileType = wrapper.xcdatamodel; path = VerseExplorerModel.xcdatamodel; sourceTree = "<group>"; };
/* End PBXFileReference section */

/* Begin PBXFrameworksBuildPhase section */
		0400F8EC2DB7743500B27F01 /* Frameworks */ = {
			isa = PBXFrameworksBuildPhase;
			buildActionMask = 2147483647;
			files = (
			);
			runOnlyForDeploymentPostprocessing = 0;
		};
/* End PBXFrameworksBuildPhase section */

/* Begin PBXGroup section */
		0400F8E62DB7743500B27F01 = {
			isa = PBXGroup;
			children = (
				0400F8F12DB7743500B27F01 /* Poetry */,
				0400F8F02DB7743500B27F01 /* Products */,
			);
			sourceTree = "<group>";
		};
		0400F8F02DB7743500B27F01 /* Products */ = {
			isa = PBXGroup;
			children = (
				0400F8EF2DB7743500B27F01 /* Poetry.app */,
			);
			name = Products;
			sourceTree = "<group>";
		};
		0400F8F12DB7743500B27F01 /* Poetry */ = {
			isa = PBXGroup;
			children = (
				0400F90F2DB77B4C00B27F01 /* API */,
				0400F90C2DB77B3D00B27F01 /* Model */,
				0400F9092DB77B1800B27F01 /* ViewModel */,
				0400F9062DB77AF400B27F01 /* View */,
				0400F8F22DB7743500B27F01 /* PoetryApp.swift */,
				0400F8F62DB7743800B27F01 /* Assets.xcassets */,
				0400F8FB2DB7743800B27F01 /* Persistence.swift */,
				0400F8FD2DB7743800B27F01 /* Poetry.xcdatamodeld */,
				0400F8F82DB7743800B27F01 /* Preview Content */,
			);
			path = Poetry;
			sourceTree = "<group>";
		};
		0400F8F82DB7743800B27F01 /* Preview Content */ = {
			isa = PBXGroup;
			children = (
				0400F8F92DB7743800B27F01 /* Preview Assets.xcassets */,
			);
			path = "Preview Content";
			sourceTree = "<group>";
		};
		0400F9062DB77AF400B27F01 /* View */ = {
			isa = PBXGroup;
			children = (
				0400F8F42DB7743500B27F01 /* ContentView.swift */,
				0400F9072DB77B0B00B27F01 /* DailyView.swift */,
			);
			path = View;
			sourceTree = "<group>";
		};
		0400F9092DB77B1800B27F01 /* ViewModel */ = {
			isa = PBXGroup;
			children = (
				0400F90A2DB77B2200B27F01 /* DailyViewModel.swift */,
			);
			path = ViewModel;
			sourceTree = "<group>";
		};
		0400F90C2DB77B3D00B27F01 /* Model */ = {
			isa = PBXGroup;
			children = (
				0400F90D2DB77B4400B27F01 /* Poem.swift */,
				0400F9152DB77BB000B27F01 /* VerseExplorerModel.xcdatamodeld */,
			);
			path = Model;
			sourceTree = "<group>";
		};
		0400F90F2DB77B4C00B27F01 /* API */ = {
			isa = PBXGroup;
			children = (
				0400F9102DB77B5A00B27F01 /* APIService.swift */,
			);
			path = API;
			sourceTree = "<group>";
		};
/* End PBXGroup section */

/* Begin PBXNativeTarget section */
		0400F8EE2DB7743500B27F01 /* Poetry */ = {
			isa = PBXNativeTarget;
			buildConfigurationList = 0400F9022DB7743800B27F01 /* Build configuration list for PBXNativeTarget "Poetry" */;
			buildPhases = (
				0400F8EB2DB7743500B27F01 /* Sources */,
				0400F8EC2DB7743500B27F01 /* Frameworks */,
				0400F8ED2DB7743500B27F01 /* Resources */,
			);
			buildRules = (
			);
			dependencies = (
			);
			name = Poetry;
			productName = Poetry;
			productReference = 0400F8EF2DB7743500B27F01 /* Poetry.app */;
			productType = "com.apple.product-type.application";
		};
/* End PBXNativeTarget section */

/* Begin PBXProject section */
		0400F8E72DB7743500B27F01 /* Project object */ = {
			isa = PBXProject;
			attributes = {
				BuildIndependentTargetsInParallel = 1;
				LastSwiftUpdateCheck = 1500;
				LastUpgradeCheck = 1500;
				TargetAttributes = {
					0400F8EE2DB7743500B27F01 = {
						CreatedOnToolsVersion = 15.0;
					};
				};
			};
			buildConfigurationList = 0400F8EA2DB7743500B27F01 /* Build configuration list for PBXProject "Poetry" */;
			compatibilityVersion = "Xcode 14.0";
			developmentRegion = en;
			hasScannedForEncodings = 0;
			knownRegions = (
				en,
				Base,
			);
			mainGroup = 0400F8E62DB7743500B27F01;
			productRefGroup = 0400F8F02DB7743500B27F01 /* Products */;
			projectDirPath = "";
			projectRoot = "";
			targets = (
				0400F8EE2DB7743500B27F01 /* Poetry */,
			);
		};
/* End PBXProject section */

/* Begin PBXResourcesBuildPhase section */
		0400F8ED2DB7743500B27F01 /* Resources */ = {
			isa = PBXResourcesBuildPhase;
			buildActionMask = 2147483647;
			files = (
				0400F8FA2DB7743800B27F01 /* Preview Assets.xcassets in Resources */,
				0400F8F72DB7743800B27F01 /* Assets.xcassets in Resources */,
			);
			runOnlyForDeploymentPostprocessing = 0;
		};
/* End PBXResourcesBuildPhase section */

/* Begin PBXSourcesBuildPhase section */
		0400F8EB2DB7743500B27F01 /* Sources */ = {
			isa = PBXSourcesBuildPhase;
			buildActionMask = 2147483647;
			files = (
				0400F90E2DB77B4400B27F01 /* Poem.swift in Sources */,
				0400F9172DB77BB000B27F01 /* VerseExplorerModel.xcdatamodeld in Sources */,
				0400F8FC2DB7743800B27F01 /* Persistence.swift in Sources */,
				0400F8F52DB7743500B27F01 /* ContentView.swift in Sources */,
				0400F90B2DB77B2200B27F01 /* DailyViewModel.swift in Sources */,
				0400F8FF2DB7743800B27F01 /* Poetry.xcdatamodeld in Sources */,
				0400F9082DB77B0B00B27F01 /* DailyView.swift in Sources */,
				0400F9112DB77B5A00B27F01 /* APIService.swift in Sources */,
				0400F8F32DB7743500B27F01 /* PoetryApp.swift in Sources */,
			);
			runOnlyForDeploymentPostprocessing = 0;
		};
/* End PBXSourcesBuildPhase section */

/* Begin XCBuildConfiguration section */
		0400F9002DB7743800B27F01 /* Debug */ = {
			isa = XCBuildConfiguration;
			buildSettings = {
				ALWAYS_SEARCH_USER_PATHS = NO;
				ASSETCATALOG_COMPILER_GENERATE_SWIFT_ASSET_SYMBOL_EXTENSIONS = YES;
				CLANG_ANALYZER_NONNULL = YES;
				CLANG_ANALYZER_NUMBER_OBJECT_CONVERSION = YES_AGGRESSIVE;
				CLANG_CXX_LANGUAGE_STANDARD = "gnu++20";
				CLANG_ENABLE_MODULES = YES;
				CLANG_ENABLE_OBJC_ARC = YES;
				CLANG_ENABLE_OBJC_WEAK = YES;
				CLANG_WARN_BLOCK_CAPTURE_AUTORELEASING = YES;
				CLANG_WARN_BOOL_CONVERSION = YES;
				CLANG_WARN_COMMA = YES;
				CLANG_WARN_CONSTANT_CONVERSION = YES;
				CLANG_WARN_DEPRECATED_OBJC_IMPLEMENTATIONS = YES;
				CLANG_WARN_DIRECT_OBJC_ISA_USAGE = YES_ERROR;
				CLANG_WARN_DOCUMENTATION_COMMENTS = YES;
				CLANG_WARN_EMPTY_BODY = YES;
				CLANG_WARN_ENUM_CONVERSION = YES;
				CLANG_WARN_INFINITE_RECURSION = YES;
				CLANG_WARN_INT_CONVERSION = YES;
				CLANG_WARN_NON_LITERAL_NULL_CONVERSION = YES;
				CLANG_WARN_OBJC_IMPLICIT_RETAIN_SELF = YES;
				CLANG_WARN_OBJC_LITERAL_CONVERSION = YES;
				CLANG_WARN_OBJC_ROOT_CLASS = YES_ERROR;
				CLANG_WARN_QUOTED_INCLUDE_IN_FRAMEWORK_HEADER = YES;
				CLANG_WARN_RANGE_LOOP_ANALYSIS = YES;
				CLANG_WARN_STRICT_PROTOTYPES = YES;
				CLANG_WARN_SUSPICIOUS_MOVE = YES;
				CLANG_WARN_UNGUARDED_AVAILABILITY = YES_AGGRESSIVE;
				CLANG_WARN_UNREACHABLE_CODE = YES;
				CLANG_WARN__DUPLICATE_METHOD_MATCH = YES;
				COPY_PHASE_STRIP = NO;
				DEBUG_INFORMATION_FORMAT = dwarf;
				ENABLE_STRICT_OBJC_MSGSEND = YES;
				ENABLE_TESTABILITY = YES;
				ENABLE_USER_SCRIPT_SANDBOXING = YES;
				GCC_C_LANGUAGE_STANDARD = gnu17;
				GCC_DYNAMIC_NO_PIC = NO;
				GCC_NO_COMMON_BLOCKS = YES;
				GCC_OPTIMIZATION_LEVEL = 0;
				GCC_PREPROCESSOR_DEFINITIONS = (
					"DEBUG=1",
					"$(inherited)",
				);
				GCC_WARN_64_TO_32_BIT_CONVERSION = YES;
				GCC_WARN_ABOUT_RETURN_TYPE = YES_ERROR;
				GCC_WARN_UNDECLARED_SELECTOR = YES;
				GCC_WARN_UNINITIALIZED_AUTOS = YES_AGGRESSIVE;
				GCC_WARN_UNUSED_FUNCTION = YES;
				GCC_WARN_UNUSED_VARIABLE = YES;
				IPHONEOS_DEPLOYMENT_TARGET = 17.0;
				LOCALIZATION_PREFERS_STRING_CATALOGS = YES;
				MTL_ENABLE_DEBUG_INFO = INCLUDE_SOURCE;
				MTL_FAST_MATH = YES;
				ONLY_ACTIVE_ARCH = YES;
				SDKROOT = iphoneos;
				SWIFT_ACTIVE_COMPILATION_CONDITIONS = "DEBUG $(inherited)";
				SWIFT_OPTIMIZATION_LEVEL = "-Onone";
			};
			name = Debug;
		};
		0400F9012DB7743800B27F01 /* Release */ = {
			isa = XCBuildConfiguration;
			buildSettings = {
				ALWAYS_SEARCH_USER_PATHS = NO;
				ASSETCATALOG_COMPILER_GENERATE_SWIFT_ASSET_SYMBOL_EXTENSIONS = YES;
				CLANG_ANALYZER_NONNULL = YES;
				CLANG_ANALYZER_NUMBER_OBJECT_CONVERSION = YES_AGGRESSIVE;
				CLANG_CXX_LANGUAGE_STANDARD = "gnu++20";
				CLANG_ENABLE_MODULES = YES;
				CLANG_ENABLE_OBJC_ARC = YES;
				CLANG_ENABLE_OBJC_WEAK = YES;
				CLANG_WARN_BLOCK_CAPTURE_AUTORELEASING = YES;
				CLANG_WARN_BOOL_CONVERSION = YES;
				CLANG_WARN_COMMA = YES;
				CLANG_WARN_CONSTANT_CONVERSION = YES;
				CLANG_WARN_DEPRECATED_OBJC_IMPLEMENTATIONS = YES;
				CLANG_WARN_DIRECT_OBJC_ISA_USAGE = YES_ERROR;
				CLANG_WARN_DOCUMENTATION_COMMENTS = YES;
				CLANG_WARN_EMPTY_BODY = YES;
				CLANG_WARN_ENUM_CONVERSION = YES;
				CLANG_WARN_INFINITE_RECURSION = YES;
				CLANG_WARN_INT_CONVERSION = YES;
				CLANG_WARN_NON_LITERAL_NULL_CONVERSION = YES;
				CLANG_WARN_OBJC_IMPLICIT_RETAIN_SELF = YES;
				CLANG_WARN_OBJC_LITERAL_CONVERSION = YES;
				CLANG_WARN_OBJC_ROOT_CLASS = YES_ERROR;
				CLANG_WARN_QUOTED_INCLUDE_IN_FRAMEWORK_HEADER = YES;
				CLANG_WARN_RANGE_LOOP_ANALYSIS = YES;
				CLANG_WARN_STRICT_PROTOTYPES = YES;
				CLANG_WARN_SUSPICIOUS_MOVE = YES;
				CLANG_WARN_UNGUARDED_AVAILABILITY = YES_AGGRESSIVE;
				CLANG_WARN_UNREACHABLE_CODE = YES;
				CLANG_WARN__DUPLICATE_METHOD_MATCH = YES;
				COPY_PHASE_STRIP = NO;
				DEBUG_INFORMATION_FORMAT = "dwarf-with-dsym";
				ENABLE_NS_ASSERTIONS = NO;
				ENABLE_STRICT_OBJC_MSGSEND = YES;
				ENABLE_USER_SCRIPT_SANDBOXING = YES;
				GCC_C_LANGUAGE_STANDARD = gnu17;
				GCC_NO_COMMON_BLOCKS = YES;
				GCC_WARN_64_TO_32_BIT_CONVERSION = YES;
				GCC_WARN_ABOUT_RETURN_TYPE = YES_ERROR;
				GCC_WARN_UNDECLARED_SELECTOR = YES;
				GCC_WARN_UNINITIALIZED_AUTOS = YES_AGGRESSIVE;
				GCC_WARN_UNUSED_FUNCTION = YES;
				GCC_WARN_UNUSED_VARIABLE = YES;
				IPHONEOS_DEPLOYMENT_TARGET = 17.0;
				LOCALIZATION_PREFERS_STRING_CATALOGS = YES;
				MTL_ENABLE_DEBUG_INFO = NO;
				MTL_FAST_MATH = YES;
				SDKROOT = iphoneos;
				SWIFT_COMPILATION_MODE = wholemodule;
				VALIDATE_PRODUCT = YES;
			};
			name = Release;
		};
		0400F9032DB7743800B27F01 /* Debug */ = {
			isa = XCBuildConfiguration;
			buildSettings = {
				ASSETCATALOG_COMPILER_APPICON_NAME = AppIcon;
				ASSETCATALOG_COMPILER_GLOBAL_ACCENT_COLOR_NAME = AccentColor;
				CODE_SIGN_STYLE = Automatic;
				CURRENT_PROJECT_VERSION = 1;
				DEVELOPMENT_ASSET_PATHS = "\"Poetry/Preview Content\"";
				DEVELOPMENT_TEAM = 9BB2SW97R4;
				ENABLE_PREVIEWS = YES;
				GENERATE_INFOPLIST_FILE = YES;
				INFOPLIST_KEY_UIApplicationSceneManifest_Generation = YES;
				INFOPLIST_KEY_UIApplicationSupportsIndirectInputEvents = YES;
				INFOPLIST_KEY_UILaunchScreen_Generation = YES;
				INFOPLIST_KEY_UISupportedInterfaceOrientations_iPad = "UIInterfaceOrientationPortrait UIInterfaceOrientationPortraitUpsideDown UIInterfaceOrientationLandscapeLeft UIInterfaceOrientationLandscapeRight";
				INFOPLIST_KEY_UISupportedInterfaceOrientations_iPhone = "UIInterfaceOrientationPortrait UIInterfaceOrientationLandscapeLeft UIInterfaceOrientationLandscapeRight";
				LD_RUNPATH_SEARCH_PATHS = (
					"$(inherited)",
					"@executable_path/Frameworks",
				);
				MARKETING_VERSION = 1.0;
				PRODUCT_BUNDLE_IDENTIFIER = lupe.Poetry;
				PRODUCT_NAME = "$(TARGET_NAME)";
				SWIFT_EMIT_LOC_STRINGS = YES;
				SWIFT_VERSION = 5.0;
				TARGETED_DEVICE_FAMILY = "1,2";
			};
			name = Debug;
		};
		0400F9042DB7743800B27F01 /* Release */ = {
			isa = XCBuildConfiguration;
			buildSettings = {
				ASSETCATALOG_COMPILER_APPICON_NAME = AppIcon;
				ASSETCATALOG_COMPILER_GLOBAL_ACCENT_COLOR_NAME = AccentColor;
				CODE_SIGN_STYLE = Automatic;
				CURRENT_PROJECT_VERSION = 1;
				DEVELOPMENT_ASSET_PATHS = "\"Poetry/Preview Content\"";
				DEVELOPMENT_TEAM = 9BB2SW97R4;
				ENABLE_PREVIEWS = YES;
				GENERATE_INFOPLIST_FILE = YES;
				INFOPLIST_KEY_UIApplicationSceneManifest_Generation = YES;
				INFOPLIST_KEY_UIApplicationSupportsIndirectInputEvents = YES;
				INFOPLIST_KEY_UILaunchScreen_Generation = YES;
				INFOPLIST_KEY_UISupportedInterfaceOrientations_iPad = "UIInterfaceOrientationPortrait UIInterfaceOrientationPortraitUpsideDown UIInterfaceOrientationLandscapeLeft UIInterfaceOrientationLandscapeRight";
				INFOPLIST_KEY_UISupportedInterfaceOrientations_iPhone = "UIInterfaceOrientationPortrait UIInterfaceOrientationLandscapeLeft UIInterfaceOrientationLandscapeRight";
				LD_RUNPATH_SEARCH_PATHS = (
					"$(inherited)",
					"@executable_path/Frameworks",
				);
				MARKETING_VERSION = 1.0;
				PRODUCT_BUNDLE_IDENTIFIER = lupe.Poetry;
				PRODUCT_NAME = "$(TARGET_NAME)";
				SWIFT_EMIT_LOC_STRINGS = YES;
				SWIFT_VERSION = 5.0;
				TARGETED_DEVICE_FAMILY = "1,2";
			};
			name = Release;
		};
/* End XCBuildConfiguration section */

/* Begin XCConfigurationList section */
		0400F8EA2DB7743500B27F01 /* Build configuration list for PBXProject "Poetry" */ = {
			isa = XCConfigurationList;
			buildConfigurations = (
				0400F9002DB7743800B27F01 /* Debug */,
				0400F9012DB7743800B27F01 /* Release */,
			);
			defaultConfigurationIsVisible = 0;
			defaultConfigurationName = Release;
		};
		0400F9022DB7743800B27F01 /* Build configuration list for PBXNativeTarget "Poetry" */ = {
			isa = XCConfigurationList;
			buildConfigurations = (
				0400F9032DB7743800B27F01 /* Debug */,
				0400F9042DB7743800B27F01 /* Release */,
			);
			defaultConfigurationIsVisible = 0;
			defaultConfigurationName = Release;
		};
/* End XCConfigurationList section */

/* Begin XCVersionGroup section */
		0400F8FD2DB7743800B27F01 /* Poetry.xcdatamodeld */ = {
			isa = XCVersionGroup;
			children = (
				0400F8FE2DB7743800B27F01 /* Poetry.xcdatamodel */,
			);
			currentVersion = 0400F8FE2DB7743800B27F01 /* Poetry.xcdatamodel */;
			path = Poetry.xcdatamodeld;
			sourceTree = "<group>";
			versionGroupType = wrapper.xcdatamodel;
		};
		0400F9152DB77BB000B27F01 /* VerseExplorerModel.xcdatamodeld */ = {
			isa = XCVersionGroup;
			children = (
				0400F9162DB77BB000B27F01 /* VerseExplorerModel.xcdatamodel */,
			);
			currentVersion = 0400F9162DB77BB000B27F01 /* VerseExplorerModel.xcdatamodel */;
			path = VerseExplorerModel.xcdatamodeld;
			sourceTree = "<group>";
			versionGroupType = wrapper.xcdatamodel;
		};
/* End XCVersionGroup section */
	};
	rootObject = 0400F8E72DB7743500B27F01 /* Project object */;
}
